# This file is autogenerated, do not edit; changes may be undone by the next 'dep ensure'.


[[projects]]
  branch = "master"
  name = "github.com/ajstarks/svgo"
  packages = ["."]
  revision = "644b8db467afccf19a0692a3e31a1868e4287ab8"

[[projects]]
  branch = "master"
  name = "github.com/golang/freetype"
  packages = [
    ".",
    "raster",
    "truetype"
  ]
  revision = "e2365dfdc4a05e4b8299a783240d4a7d5a65d4e4"

[[projects]]
  name = "github.com/jung-kurt/gofpdf"
  packages = ["."]
  revision = "14c1db30737a138f8d9797cffea58783892b2fae"
  version = "v1.0.0"

[[projects]]
  branch = "master"
  name = "github.com/llgcode/draw2d"
  packages = [
    ".",
    "draw2dbase",
    "draw2dimg"
  ]
  revision = "274031cf2abe8acd15c4a911e1f7f1295fc4830c"

[[projects]]
  name = "github.com/nboughton/go-dice"
  packages = ["."]
  revision = "1571d053b50b8f1ac3d396249c3c63e6419fe7a7"
  version = "v5.1.3"

[[projects]]
  branch = "master"
  name = "golang.org/x/image"
  packages = [
    "draw",
    "font",
    "math/f64",
    "math/fixed",
    "tiff",
    "tiff/lzw"
  ]
  revision = "f315e440302883054d0c2bd85486878cb4f8572c"

[[projects]]
  branch = "master"
  name = "gonum.org/v1/gonum"
  packages = [
    "blas",
    "blas/blas64",
    "blas/gonum",
    "floats",
    "internal/asm/c128",
    "internal/asm/f32",
    "internal/asm/f64",
    "internal/math32",
    "lapack",
    "lapack/gonum",
    "lapack/lapack64",
    "mat"
  ]
  revision = "3f7b30d06c1c427c1ee146170e8952f2caef1ad2"

[[projects]]
  branch = "master"
  name = "gonum.org/v1/plot"
  packages = [
    ".",
    "palette",
    "plotter",
    "tools/bezier",
    "vg",
    "vg/draw",
    "vg/fonts",
    "vg/vgeps",
    "vg/vgimg",
    "vg/vgpdf",
    "vg/vgsvg"
  ]
  revision = "d133dd424d79994b48487a8c489fd9c637576b30"

[solve-meta]
  analyzer-name = "dep"
  analyzer-version = 1
  inputs-digest = "7985e8cb13791616039ac640adf71936218041d2ba0fbe685a7d95d712a0c0b0"
  solver-name = "gps-cdcl"
  solver-version = 1
