# This file is autogenerated, do not edit; changes may be undone by the next 'dep ensure'.


[[projects]]
  name = "github.com/nboughton/go-dice"
  packages = ["."]
  revision = "64a77956341ad99806ebd5eccf80b285f024d34f"
  version = "v5.1.2"

[solve-meta]
  analyzer-name = "dep"
  analyzer-version = 1
  inputs-digest = "425cec8d7e0510b0bc9341d91832ad2a0393c07b7ad4bd2207f78a9fdc0d0a4f"
  solver-name = "gps-cdcl"
  solver-version = 1
