# This file is autogenerated, do not edit; changes may be undone by the next 'dep ensure'.


[[projects]]
  name = "github.com/nboughton/go-dice"
  packages = ["."]
  revision = "c0cc376f0cf4a4883a8dd806f2b388ef4d593f22"
  version = "v5.1.1"

[solve-meta]
  analyzer-name = "dep"
  analyzer-version = 1
  inputs-digest = "425cec8d7e0510b0bc9341d91832ad2a0393c07b7ad4bd2207f78a9fdc0d0a4f"
  solver-name = "gps-cdcl"
  solver-version = 1
